// !$*UTF8*$!
{
	archiveVersion = 1;
	classes = {
	};
	objectVersion = 46;
	objects = {

/* Begin PBXBuildFile section */
		66047D3219A881D200389ED7 /* main.m in Sources */ = {isa = PBXBuildFile; fileRef = 66047D3119A881D200389ED7 /* main.m */; };
		66047D3519A881D200389ED7 /* AppDelegate.m in Sources */ = {isa = PBXBuildFile; fileRef = 66047D3419A881D200389ED7 /* AppDelegate.m */; };
		66047D3819A881D200389ED7 /* ViewController.m in Sources */ = {isa = PBXBuildFile; fileRef = 66047D3719A881D200389ED7 /* ViewController.m */; };
		66047D3D19A881D200389ED7 /* Images.xcassets in Resources */ = {isa = PBXBuildFile; fileRef = 66047D3C19A881D200389ED7 /* Images.xcassets */; };
		6611BA5A19A8FB6B00144F68 /* KeyboardViewController.m in Sources */ = {isa = PBXBuildFile; fileRef = 6611BA5919A8FB6B00144F68 /* KeyboardViewController.m */; };
		6611BA5D19A8FB6B00144F68 /* ClickWheel.appex in Embed App Extensions */ = {isa = PBXBuildFile; fileRef = 6611BA5419A8FB6B00144F68 /* ClickWheel.appex */; settings = {ATTRIBUTES = (RemoveHeadersOnCopy, ); }; };
		6611BA6E19A8FC4500144F68 /* CWClickWheelView.m in Sources */ = {isa = PBXBuildFile; fileRef = 6611BA6D19A8FC4500144F68 /* CWClickWheelView.m */; };
		6611BA7019A906C600144F68 /* Click.caf in Resources */ = {isa = PBXBuildFile; fileRef = 6611BA6F19A906C600144F68 /* Click.caf */; };
		6611BA7D19A9411F00144F68 /* CWClickWheelToolbar.m in Sources */ = {isa = PBXBuildFile; fileRef = 6611BA7B19A9411F00144F68 /* CWClickWheelToolbar.m */; };
		6611BA8D19A950D000144F68 /* libpop.a in Frameworks */ = {isa = PBXBuildFile; fileRef = 6611BA8619A950BC00144F68 /* libpop.a */; };
		6611BA9419A98BF100144F68 /* GlobeIconSelected@2x.png in Resources */ = {isa = PBXBuildFile; fileRef = 6611BA9319A98BF100144F68 /* GlobeIconSelected@2x.png */; };
		6611BA9619A98BF700144F68 /* GlobeIcon@2x.png in Resources */ = {isa = PBXBuildFile; fileRef = 6611BA9519A98BF700144F68 /* GlobeIcon@2x.png */; };
		6611BAE319A9A70200144F68 /* DeleteIcon@2x.png in Resources */ = {isa = PBXBuildFile; fileRef = 6611BAE119A9A70200144F68 /* DeleteIcon@2x.png */; };
		6611BAE419A9A70200144F68 /* DeleteIconSelected@2x.png in Resources */ = {isa = PBXBuildFile; fileRef = 6611BAE219A9A70200144F68 /* DeleteIconSelected@2x.png */; };
/* End PBXBuildFile section */

/* Begin PBXContainerItemProxy section */
		6611BA5B19A8FB6B00144F68 /* PBXContainerItemProxy */ = {
			isa = PBXContainerItemProxy;
			containerPortal = 66047D2419A881D100389ED7 /* Project object */;
			proxyType = 1;
			remoteGlobalIDString = 6611BA5319A8FB6B00144F68;
			remoteInfo = ClickkWheel;
		};
		6611BA5E19A8FB6B00144F68 /* PBXContainerItemProxy */ = {
			isa = PBXContainerItemProxy;
			containerPortal = 66047D2419A881D100389ED7 /* Project object */;
			proxyType = 1;
			remoteGlobalIDString = 6611BA5319A8FB6B00144F68;
			remoteInfo = ClickkWheel;
		};
		6611BA8519A950BC00144F68 /* PBXContainerItemProxy */ = {
			isa = PBXContainerItemProxy;
			containerPortal = 6611BA7E19A950BB00144F68 /* pop.xcodeproj */;
			proxyType = 2;
			remoteGlobalIDString = EC191218162FB53A00E0CC76;
			remoteInfo = pop;
		};
		6611BA8719A950BC00144F68 /* PBXContainerItemProxy */ = {
			isa = PBXContainerItemProxy;
			containerPortal = 6611BA7E19A950BB00144F68 /* pop.xcodeproj */;
			proxyType = 2;
			remoteGlobalIDString = EC68857F18C7B60000C6194C;
			remoteInfo = "pop-osx";
		};
		6611BA8919A950BC00144F68 /* PBXContainerItemProxy */ = {
			isa = PBXContainerItemProxy;
			containerPortal = 6611BA7E19A950BB00144F68 /* pop.xcodeproj */;
			proxyType = 2;
			remoteGlobalIDString = ECF01ED318C92B7F009E0AD1;
			remoteInfo = "pop-tests";
		};
		6611BA8B19A950BC00144F68 /* PBXContainerItemProxy */ = {
			isa = PBXContainerItemProxy;
			containerPortal = 6611BA7E19A950BB00144F68 /* pop.xcodeproj */;
			proxyType = 2;
			remoteGlobalIDString = EC7E319918C93D6500B38170;
			remoteInfo = "pop-tests-osx";
		};
		6611BA8E19A950D500144F68 /* PBXContainerItemProxy */ = {
			isa = PBXContainerItemProxy;
			containerPortal = 6611BA7E19A950BB00144F68 /* pop.xcodeproj */;
			proxyType = 1;
			remoteGlobalIDString = EC191217162FB53A00E0CC76;
			remoteInfo = pop;
		};
/* End PBXContainerItemProxy section */

/* Begin PBXCopyFilesBuildPhase section */
		66047D6519A8821300389ED7 /* Embed App Extensions */ = {
			isa = PBXCopyFilesBuildPhase;
			buildActionMask = 2147483647;
			dstPath = "";
			dstSubfolderSpec = 13;
			files = (
				6611BA5D19A8FB6B00144F68 /* ClickWheel.appex in Embed App Extensions */,
			);
			name = "Embed App Extensions";
			runOnlyForDeploymentPostprocessing = 0;
		};
/* End PBXCopyFilesBuildPhase section */

/* Begin PBXFileReference section */
		66047D2C19A881D100389ED7 /* ClickWheelKeyboard.app */ = {isa = PBXFileReference; explicitFileType = wrapper.application; includeInIndex = 0; path = ClickWheelKeyboard.app; sourceTree = BUILT_PRODUCTS_DIR; };
		66047D3019A881D200389ED7 /* Info.plist */ = {isa = PBXFileReference; lastKnownFileType = text.plist.xml; path = Info.plist; sourceTree = "<group>"; };
		66047D3119A881D200389ED7 /* main.m */ = {isa = PBXFileReference; lastKnownFileType = sourcecode.c.objc; path = main.m; sourceTree = "<group>"; };
		66047D3319A881D200389ED7 /* AppDelegate.h */ = {isa = PBXFileReference; lastKnownFileType = sourcecode.c.h; path = AppDelegate.h; sourceTree = "<group>"; };
		66047D3419A881D200389ED7 /* AppDelegate.m */ = {isa = PBXFileReference; lastKnownFileType = sourcecode.c.objc; path = AppDelegate.m; sourceTree = "<group>"; };
		66047D3619A881D200389ED7 /* ViewController.h */ = {isa = PBXFileReference; lastKnownFileType = sourcecode.c.h; path = ViewController.h; sourceTree = "<group>"; };
		66047D3719A881D200389ED7 /* ViewController.m */ = {isa = PBXFileReference; lastKnownFileType = sourcecode.c.objc; path = ViewController.m; sourceTree = "<group>"; };
		66047D3C19A881D200389ED7 /* Images.xcassets */ = {isa = PBXFileReference; lastKnownFileType = folder.assetcatalog; path = Images.xcassets; sourceTree = "<group>"; };
		6611BA5419A8FB6B00144F68 /* ClickWheel.appex */ = {isa = PBXFileReference; explicitFileType = "wrapper.app-extension"; includeInIndex = 0; path = ClickWheel.appex; sourceTree = BUILT_PRODUCTS_DIR; };
		6611BA5719A8FB6B00144F68 /* Info.plist */ = {isa = PBXFileReference; lastKnownFileType = text.plist.xml; path = Info.plist; sourceTree = "<group>"; };
		6611BA5819A8FB6B00144F68 /* KeyboardViewController.h */ = {isa = PBXFileReference; lastKnownFileType = sourcecode.c.h; path = KeyboardViewController.h; sourceTree = "<group>"; };
		6611BA5919A8FB6B00144F68 /* KeyboardViewController.m */ = {isa = PBXFileReference; lastKnownFileType = sourcecode.c.objc; path = KeyboardViewController.m; sourceTree = "<group>"; };
		6611BA6C19A8FC4500144F68 /* CWClickWheelView.h */ = {isa = PBXFileReference; fileEncoding = 4; lastKnownFileType = sourcecode.c.h; path = CWClickWheelView.h; sourceTree = "<group>"; };
		6611BA6D19A8FC4500144F68 /* CWClickWheelView.m */ = {isa = PBXFileReference; fileEncoding = 4; lastKnownFileType = sourcecode.c.objc; path = CWClickWheelView.m; sourceTree = "<group>"; };
		6611BA6F19A906C600144F68 /* Click.caf */ = {isa = PBXFileReference; lastKnownFileType = file; path = Click.caf; sourceTree = "<group>"; };
		6611BA7A19A9411F00144F68 /* CWClickWheelToolbar.h */ = {isa = PBXFileReference; fileEncoding = 4; lastKnownFileType = sourcecode.c.h; path = CWClickWheelToolbar.h; sourceTree = "<group>"; };
		6611BA7B19A9411F00144F68 /* CWClickWheelToolbar.m */ = {isa = PBXFileReference; fileEncoding = 4; lastKnownFileType = sourcecode.c.objc; path = CWClickWheelToolbar.m; sourceTree = "<group>"; };
		6611BA7E19A950BB00144F68 /* pop.xcodeproj */ = {isa = PBXFileReference; lastKnownFileType = "wrapper.pb-project"; name = pop.xcodeproj; path = Libraries/pop/pop.xcodeproj; sourceTree = SOURCE_ROOT; };
		6611BA9319A98BF100144F68 /* GlobeIconSelected@2x.png */ = {isa = PBXFileReference; lastKnownFileType = image.png; path = "GlobeIconSelected@2x.png"; sourceTree = "<group>"; };
		6611BA9519A98BF700144F68 /* GlobeIcon@2x.png */ = {isa = PBXFileReference; lastKnownFileType = image.png; path = "GlobeIcon@2x.png"; sourceTree = "<group>"; };
		6611BAE119A9A70200144F68 /* DeleteIcon@2x.png */ = {isa = PBXFileReference; lastKnownFileType = image.png; path = "DeleteIcon@2x.png"; sourceTree = "<group>"; };
		6611BAE219A9A70200144F68 /* DeleteIconSelected@2x.png */ = {isa = PBXFileReference; lastKnownFileType = image.png; path = "DeleteIconSelected@2x.png"; sourceTree = "<group>"; };
/* End PBXFileReference section */

/* Begin PBXFrameworksBuildPhase section */
		66047D2919A881D100389ED7 /* Frameworks */ = {
			isa = PBXFrameworksBuildPhase;
			buildActionMask = 2147483647;
			files = (
			);
			runOnlyForDeploymentPostprocessing = 0;
		};
		6611BA5119A8FB6B00144F68 /* Frameworks */ = {
			isa = PBXFrameworksBuildPhase;
			buildActionMask = 2147483647;
			files = (
				6611BA8D19A950D000144F68 /* libpop.a in Frameworks */,
			);
			runOnlyForDeploymentPostprocessing = 0;
		};
/* End PBXFrameworksBuildPhase section */

/* Begin PBXGroup section */
		66047D2319A881D100389ED7 = {
			isa = PBXGroup;
			children = (
				66047D2E19A881D100389ED7 /* ClickWheelKeyboard */,
				6611BA5519A8FB6B00144F68 /* ClickWheel */,
				66047D2D19A881D100389ED7 /* Products */,
			);
			sourceTree = "<group>";
		};
		66047D2D19A881D100389ED7 /* Products */ = {
			isa = PBXGroup;
			children = (
				66047D2C19A881D100389ED7 /* ClickWheelKeyboard.app */,
				6611BA5419A8FB6B00144F68 /* ClickWheel.appex */,
			);
			name = Products;
			sourceTree = "<group>";
		};
		66047D2E19A881D100389ED7 /* ClickWheelKeyboard */ = {
			isa = PBXGroup;
			children = (
				66047D3319A881D200389ED7 /* AppDelegate.h */,
				66047D3419A881D200389ED7 /* AppDelegate.m */,
				66047D3619A881D200389ED7 /* ViewController.h */,
				66047D3719A881D200389ED7 /* ViewController.m */,
				66047D3C19A881D200389ED7 /* Images.xcassets */,
				66047D2F19A881D100389ED7 /* Supporting Files */,
			);
			path = ClickWheelKeyboard;
			sourceTree = "<group>";
		};
		66047D2F19A881D100389ED7 /* Supporting Files */ = {
			isa = PBXGroup;
			children = (
				66047D3019A881D200389ED7 /* Info.plist */,
				66047D3119A881D200389ED7 /* main.m */,
			);
			name = "Supporting Files";
			sourceTree = "<group>";
		};
		6611BA5519A8FB6B00144F68 /* ClickWheel */ = {
			isa = PBXGroup;
			children = (
				6611BA7E19A950BB00144F68 /* pop.xcodeproj */,
				6611BA6C19A8FC4500144F68 /* CWClickWheelView.h */,
				6611BA6D19A8FC4500144F68 /* CWClickWheelView.m */,
				6611BA7A19A9411F00144F68 /* CWClickWheelToolbar.h */,
				6611BA7B19A9411F00144F68 /* CWClickWheelToolbar.m */,
				6611BA5819A8FB6B00144F68 /* KeyboardViewController.h */,
				6611BA5919A8FB6B00144F68 /* KeyboardViewController.m */,
				6611BA5619A8FB6B00144F68 /* Supporting Files */,
			);
			name = ClickWheel;
			path = ClickkWheel;
			sourceTree = "<group>";
		};
		6611BA5619A8FB6B00144F68 /* Supporting Files */ = {
			isa = PBXGroup;
			children = (
				6611BA9519A98BF700144F68 /* GlobeIcon@2x.png */,
				6611BA9319A98BF100144F68 /* GlobeIconSelected@2x.png */,
				6611BAE119A9A70200144F68 /* DeleteIcon@2x.png */,
				6611BAE219A9A70200144F68 /* DeleteIconSelected@2x.png */,
				6611BA6F19A906C600144F68 /* Click.caf */,
				6611BA5719A8FB6B00144F68 /* Info.plist */,
			);
			name = "Supporting Files";
			sourceTree = "<group>";
		};
		6611BA7F19A950BB00144F68 /* Products */ = {
			isa = PBXGroup;
			children = (
				6611BA8619A950BC00144F68 /* libpop.a */,
				6611BA8819A950BC00144F68 /* pop.framework */,
				6611BA8A19A950BC00144F68 /* pop-tests.octest */,
				6611BA8C19A950BC00144F68 /* pop-tests-osx.octest */,
			);
			name = Products;
			sourceTree = "<group>";
		};
/* End PBXGroup section */

/* Begin PBXNativeTarget section */
		66047D2B19A881D100389ED7 /* ClickWheelKeyboard */ = {
			isa = PBXNativeTarget;
			buildConfigurationList = 66047D4C19A881D200389ED7 /* Build configuration list for PBXNativeTarget "ClickWheelKeyboard" */;
			buildPhases = (
				66047D2819A881D100389ED7 /* Sources */,
				66047D2919A881D100389ED7 /* Frameworks */,
				66047D2A19A881D100389ED7 /* Resources */,
				66047D6519A8821300389ED7 /* Embed App Extensions */,
			);
			buildRules = (
			);
			dependencies = (
				6611BA5C19A8FB6B00144F68 /* PBXTargetDependency */,
				6611BA5F19A8FB6B00144F68 /* PBXTargetDependency */,
			);
			name = ClickWheelKeyboard;
			productName = ClickWheelKeyboard;
			productReference = 66047D2C19A881D100389ED7 /* ClickWheelKeyboard.app */;
			productType = "com.apple.product-type.application";
		};
		6611BA5319A8FB6B00144F68 /* ClickWheel */ = {
			isa = PBXNativeTarget;
			buildConfigurationList = 6611BA6019A8FB6B00144F68 /* Build configuration list for PBXNativeTarget "ClickWheel" */;
			buildPhases = (
				6611BA5019A8FB6B00144F68 /* Sources */,
				6611BA5119A8FB6B00144F68 /* Frameworks */,
				6611BA5219A8FB6B00144F68 /* Resources */,
			);
			buildRules = (
			);
			dependencies = (
				6611BA8F19A950D500144F68 /* PBXTargetDependency */,
			);
			name = ClickWheel;
			productName = ClickkWheel;
			productReference = 6611BA5419A8FB6B00144F68 /* ClickWheel.appex */;
			productType = "com.apple.product-type.app-extension";
		};
/* End PBXNativeTarget section */

/* Begin PBXProject section */
		66047D2419A881D100389ED7 /* Project object */ = {
			isa = PBXProject;
			attributes = {
				LastUpgradeCheck = 0600;
				ORGANIZATIONNAME = "Adam Bell";
				TargetAttributes = {
					66047D2B19A881D100389ED7 = {
						CreatedOnToolsVersion = 6.0;
					};
					6611BA5319A8FB6B00144F68 = {
						CreatedOnToolsVersion = 6.0;
					};
				};
			};
			buildConfigurationList = 66047D2719A881D100389ED7 /* Build configuration list for PBXProject "ClickWheelKeyboard" */;
			compatibilityVersion = "Xcode 3.2";
			developmentRegion = English;
			hasScannedForEncodings = 0;
			knownRegions = (
				en,
				Base,
			);
			mainGroup = 66047D2319A881D100389ED7;
			productRefGroup = 66047D2D19A881D100389ED7 /* Products */;
			projectDirPath = "";
			projectReferences = (
				{
					ProductGroup = 6611BA7F19A950BB00144F68 /* Products */;
					ProjectRef = 6611BA7E19A950BB00144F68 /* pop.xcodeproj */;
				},
			);
			projectRoot = "";
			targets = (
				66047D2B19A881D100389ED7 /* ClickWheelKeyboard */,
				6611BA5319A8FB6B00144F68 /* ClickWheel */,
			);
		};
/* End PBXProject section */

/* Begin PBXReferenceProxy section */
		6611BA8619A950BC00144F68 /* libpop.a */ = {
			isa = PBXReferenceProxy;
			fileType = archive.ar;
			path = libpop.a;
			remoteRef = 6611BA8519A950BC00144F68 /* PBXContainerItemProxy */;
			sourceTree = BUILT_PRODUCTS_DIR;
		};
		6611BA8819A950BC00144F68 /* pop.framework */ = {
			isa = PBXReferenceProxy;
			fileType = wrapper.framework;
			path = pop.framework;
			remoteRef = 6611BA8719A950BC00144F68 /* PBXContainerItemProxy */;
			sourceTree = BUILT_PRODUCTS_DIR;
		};
		6611BA8A19A950BC00144F68 /* pop-tests.octest */ = {
			isa = PBXReferenceProxy;
			fileType = wrapper.cfbundle;
			path = "pop-tests.octest";
			remoteRef = 6611BA8919A950BC00144F68 /* PBXContainerItemProxy */;
			sourceTree = BUILT_PRODUCTS_DIR;
		};
		6611BA8C19A950BC00144F68 /* pop-tests-osx.octest */ = {
			isa = PBXReferenceProxy;
			fileType = wrapper.cfbundle;
			path = "pop-tests-osx.octest";
			remoteRef = 6611BA8B19A950BC00144F68 /* PBXContainerItemProxy */;
			sourceTree = BUILT_PRODUCTS_DIR;
		};
/* End PBXReferenceProxy section */

/* Begin PBXResourcesBuildPhase section */
		66047D2A19A881D100389ED7 /* Resources */ = {
			isa = PBXResourcesBuildPhase;
			buildActionMask = 2147483647;
			files = (
				66047D3D19A881D200389ED7 /* Images.xcassets in Resources */,
			);
			runOnlyForDeploymentPostprocessing = 0;
		};
		6611BA5219A8FB6B00144F68 /* Resources */ = {
			isa = PBXResourcesBuildPhase;
			buildActionMask = 2147483647;
			files = (
				6611BA9419A98BF100144F68 /* GlobeIconSelected@2x.png in Resources */,
				6611BA9619A98BF700144F68 /* GlobeIcon@2x.png in Resources */,
				6611BAE319A9A70200144F68 /* DeleteIcon@2x.png in Resources */,
				6611BA7019A906C600144F68 /* Click.caf in Resources */,
				6611BAE419A9A70200144F68 /* DeleteIconSelected@2x.png in Resources */,
			);
			runOnlyForDeploymentPostprocessing = 0;
		};
/* End PBXResourcesBuildPhase section */

/* Begin PBXSourcesBuildPhase section */
		66047D2819A881D100389ED7 /* Sources */ = {
			isa = PBXSourcesBuildPhase;
			buildActionMask = 2147483647;
			files = (
				66047D3819A881D200389ED7 /* ViewController.m in Sources */,
				66047D3519A881D200389ED7 /* AppDelegate.m in Sources */,
				66047D3219A881D200389ED7 /* main.m in Sources */,
			);
			runOnlyForDeploymentPostprocessing = 0;
		};
		6611BA5019A8FB6B00144F68 /* Sources */ = {
			isa = PBXSourcesBuildPhase;
			buildActionMask = 2147483647;
			files = (
				6611BA5A19A8FB6B00144F68 /* KeyboardViewController.m in Sources */,
				6611BA7D19A9411F00144F68 /* CWClickWheelToolbar.m in Sources */,
				6611BA6E19A8FC4500144F68 /* CWClickWheelView.m in Sources */,
			);
			runOnlyForDeploymentPostprocessing = 0;
		};
/* End PBXSourcesBuildPhase section */

/* Begin PBXTargetDependency section */
		6611BA5C19A8FB6B00144F68 /* PBXTargetDependency */ = {
			isa = PBXTargetDependency;
			target = 6611BA5319A8FB6B00144F68 /* ClickWheel */;
			targetProxy = 6611BA5B19A8FB6B00144F68 /* PBXContainerItemProxy */;
		};
		6611BA5F19A8FB6B00144F68 /* PBXTargetDependency */ = {
			isa = PBXTargetDependency;
			target = 6611BA5319A8FB6B00144F68 /* ClickWheel */;
			targetProxy = 6611BA5E19A8FB6B00144F68 /* PBXContainerItemProxy */;
		};
		6611BA8F19A950D500144F68 /* PBXTargetDependency */ = {
			isa = PBXTargetDependency;
			name = pop;
			targetProxy = 6611BA8E19A950D500144F68 /* PBXContainerItemProxy */;
		};
/* End PBXTargetDependency section */

/* Begin XCBuildConfiguration section */
		66047D4A19A881D200389ED7 /* Debug */ = {
			isa = XCBuildConfiguration;
			buildSettings = {
				ALWAYS_SEARCH_USER_PATHS = NO;
				CLANG_CXX_LANGUAGE_STANDARD = "gnu++0x";
				CLANG_CXX_LIBRARY = "libc++";
				CLANG_ENABLE_MODULES = YES;
				CLANG_ENABLE_OBJC_ARC = YES;
				CLANG_WARN_BOOL_CONVERSION = YES;
				CLANG_WARN_CONSTANT_CONVERSION = YES;
				CLANG_WARN_DIRECT_OBJC_ISA_USAGE = YES_ERROR;
				CLANG_WARN_EMPTY_BODY = YES;
				CLANG_WARN_ENUM_CONVERSION = YES;
				CLANG_WARN_INT_CONVERSION = YES;
				CLANG_WARN_OBJC_ROOT_CLASS = YES_ERROR;
				CLANG_WARN_UNREACHABLE_CODE = YES;
				CLANG_WARN__DUPLICATE_METHOD_MATCH = YES;
				"CODE_SIGN_IDENTITY[sdk=iphoneos*]" = "iPhone Developer";
				COPY_PHASE_STRIP = NO;
				ENABLE_STRICT_OBJC_MSGSEND = YES;
				GCC_C_LANGUAGE_STANDARD = gnu99;
				GCC_DYNAMIC_NO_PIC = NO;
				GCC_OPTIMIZATION_LEVEL = 0;
				GCC_PREPROCESSOR_DEFINITIONS = (
					"DEBUG=1",
					"$(inherited)",
				);
				GCC_SYMBOLS_PRIVATE_EXTERN = NO;
				GCC_WARN_64_TO_32_BIT_CONVERSION = YES;
				GCC_WARN_ABOUT_RETURN_TYPE = YES_ERROR;
				GCC_WARN_UNDECLARED_SELECTOR = YES;
				GCC_WARN_UNINITIALIZED_AUTOS = YES_AGGRESSIVE;
				GCC_WARN_UNUSED_FUNCTION = YES;
				GCC_WARN_UNUSED_VARIABLE = YES;
				IPHONEOS_DEPLOYMENT_TARGET = 8.0;
				MTL_ENABLE_DEBUG_INFO = YES;
				ONLY_ACTIVE_ARCH = YES;
				SDKROOT = iphoneos;
			};
			name = Debug;
		};
		66047D4B19A881D200389ED7 /* Release */ = {
			isa = XCBuildConfiguration;
			buildSettings = {
				ALWAYS_SEARCH_USER_PATHS = NO;
				CLANG_CXX_LANGUAGE_STANDARD = "gnu++0x";
				CLANG_CXX_LIBRARY = "libc++";
				CLANG_ENABLE_MODULES = YES;
				CLANG_ENABLE_OBJC_ARC = YES;
				CLANG_WARN_BOOL_CONVERSION = YES;
				CLANG_WARN_CONSTANT_CONVERSION = YES;
				CLANG_WARN_DIRECT_OBJC_ISA_USAGE = YES_ERROR;
				CLANG_WARN_EMPTY_BODY = YES;
				CLANG_WARN_ENUM_CONVERSION = YES;
				CLANG_WARN_INT_CONVERSION = YES;
				CLANG_WARN_OBJC_ROOT_CLASS = YES_ERROR;
				CLANG_WARN_UNREACHABLE_CODE = YES;
				CLANG_WARN__DUPLICATE_METHOD_MATCH = YES;
				"CODE_SIGN_IDENTITY[sdk=iphoneos*]" = "iPhone Developer";
				COPY_PHASE_STRIP = YES;
				ENABLE_NS_ASSERTIONS = NO;
				ENABLE_STRICT_OBJC_MSGSEND = YES;
				GCC_C_LANGUAGE_STANDARD = gnu99;
				GCC_WARN_64_TO_32_BIT_CONVERSION = YES;
				GCC_WARN_ABOUT_RETURN_TYPE = YES_ERROR;
				GCC_WARN_UNDECLARED_SELECTOR = YES;
				GCC_WARN_UNINITIALIZED_AUTOS = YES_AGGRESSIVE;
				GCC_WARN_UNUSED_FUNCTION = YES;
				GCC_WARN_UNUSED_VARIABLE = YES;
				IPHONEOS_DEPLOYMENT_TARGET = 8.0;
				MTL_ENABLE_DEBUG_INFO = NO;
				SDKROOT = iphoneos;
				VALIDATE_PRODUCT = YES;
			};
			name = Release;
		};
		66047D4D19A881D200389ED7 /* Debug */ = {
			isa = XCBuildConfiguration;
			buildSettings = {
				ASSETCATALOG_COMPILER_APPICON_NAME = AppIcon;
				ASSETCATALOG_COMPILER_LAUNCHIMAGE_NAME = LaunchImage;
				FRAMEWORK_SEARCH_PATHS = "$(inherited)";
				INFOPLIST_FILE = ClickWheelKeyboard/Info.plist;
				LD_RUNPATH_SEARCH_PATHS = "$(inherited) @executable_path/Frameworks";
				OTHER_LDFLAGS = (
					"-ObjC",
					"-all_load",
				);
				PRODUCT_NAME = "$(TARGET_NAME)";
			};
			name = Debug;
		};
		66047D4E19A881D200389ED7 /* Release */ = {
			isa = XCBuildConfiguration;
			buildSettings = {
				ASSETCATALOG_COMPILER_APPICON_NAME = AppIcon;
				ASSETCATALOG_COMPILER_LAUNCHIMAGE_NAME = LaunchImage;
				FRAMEWORK_SEARCH_PATHS = "$(inherited)";
				INFOPLIST_FILE = ClickWheelKeyboard/Info.plist;
				LD_RUNPATH_SEARCH_PATHS = "$(inherited) @executable_path/Frameworks";
				OTHER_LDFLAGS = (
					"-ObjC",
					"-all_load",
				);
				PRODUCT_NAME = "$(TARGET_NAME)";
			};
			name = Release;
		};
		6611BA6119A8FB6B00144F68 /* Debug */ = {
			isa = XCBuildConfiguration;
			buildSettings = {
				FRAMEWORK_SEARCH_PATHS = "$(inherited)";
				GCC_PREPROCESSOR_DEFINITIONS = (
					"DEBUG=1",
					"$(inherited)",
				);
				HEADER_SEARCH_PATHS = (
					"$(inherited)",
					"/Applications/Xcode6-Beta6.app/Contents/Developer/Toolchains/XcodeDefault.xctoolchain/usr/include",
					"\"$(CONFIGURATION_BUILD_DIR)/../Headers\"",
				);
				INFOPLIST_FILE = ClickkWheel/Info.plist;
				LD_RUNPATH_SEARCH_PATHS = "$(inherited) @executable_path/Frameworks @executable_path/../../Frameworks";
				OTHER_LDFLAGS = (
					"-ObjC",
					"-all_load",
					"-lc++",
				);
				PRODUCT_NAME = "$(TARGET_NAME)";
				SKIP_INSTALL = YES;
			};
			name = Debug;
		};
		6611BA6219A8FB6B00144F68 /* Release */ = {
			isa = XCBuildConfiguration;
			buildSettings = {
				FRAMEWORK_SEARCH_PATHS = "$(inherited)";
				HEADER_SEARCH_PATHS = (
					"$(inherited)",
					"/Applications/Xcode6-Beta6.app/Contents/Developer/Toolchains/XcodeDefault.xctoolchain/usr/include",
					"\"$(CONFIGURATION_BUILD_DIR)/../Headers\"",
				);
				INFOPLIST_FILE = ClickkWheel/Info.plist;
				LD_RUNPATH_SEARCH_PATHS = "$(inherited) @executable_path/Frameworks @executable_path/../../Frameworks";
				OTHER_LDFLAGS = (
					"-ObjC",
					"-all_load",
					"-lc++",
				);
				PRODUCT_NAME = "$(TARGET_NAME)";
				SKIP_INSTALL = YES;
			};
			name = Release;
		};
/* End XCBuildConfiguration section */

/* Begin XCConfigurationList section */
		66047D2719A881D100389ED7 /* Build configuration list for PBXProject "ClickWheelKeyboard" */ = {
			isa = XCConfigurationList;
			buildConfigurations = (
				66047D4A19A881D200389ED7 /* Debug */,
				66047D4B19A881D200389ED7 /* Release */,
			);
			defaultConfigurationIsVisible = 0;
			defaultConfigurationName = Release;
		};
		66047D4C19A881D200389ED7 /* Build configuration list for PBXNativeTarget "ClickWheelKeyboard" */ = {
			isa = XCConfigurationList;
			buildConfigurations = (
				66047D4D19A881D200389ED7 /* Debug */,
				66047D4E19A881D200389ED7 /* Release */,
			);
			defaultConfigurationIsVisible = 0;
			defaultConfigurationName = Release;
		};
		6611BA6019A8FB6B00144F68 /* Build configuration list for PBXNativeTarget "ClickWheel" */ = {
			isa = XCConfigurationList;
			buildConfigurations = (
				6611BA6119A8FB6B00144F68 /* Debug */,
				6611BA6219A8FB6B00144F68 /* Release */,
			);
			defaultConfigurationIsVisible = 0;
			defaultConfigurationName = Release;
		};
/* End XCConfigurationList section */
	};
	rootObject = 66047D2419A881D100389ED7 /* Project object */;
}
